
Microsoft Visual Studio Solution File, Format Version 12.00
# Visual Studio Version 17
VisualStudioVersion = 17.14.36623.8 d17.14
MinimumVisualStudioVersion = 10.0.40219.1
Project("{FAE04EC0-301F-11D3-BF4B-00C04F79EFBC}") = "ASP.NET_API_PROJECT_CODE_BASE_NET_8.0", "ASP.NET_API_PROJECT_CODE_BASE_NET_8.0\ASP.NET_API_PROJECT_CODE_BASE_NET_8.0.csproj", "{F51BECE1-00C9-4244-99DE-4F91DC1C0C14}"
EndProject
Global
	GlobalSection(SolutionConfigurationPlatforms) = preSolution
		Debug|Any CPU = Debug|Any CPU
		Release|Any CPU = Release|Any CPU
	EndGlobalSection
	GlobalSection(ProjectConfigurationPlatforms) = postSolution
		{F51BECE1-00C9-4244-99DE-4F91DC1C0C14}.Debug|Any CPU.ActiveCfg = Debug|Any CPU
		{F51BECE1-00C9-4244-99DE-4F91DC1C0C14}.Debug|Any CPU.Build.0 = Debug|Any CPU
		{F51BECE1-00C9-4244-99DE-4F91DC1C0C14}.Release|Any CPU.ActiveCfg = Release|Any CPU
		{F51BECE1-00C9-4244-99DE-4F91DC1C0C14}.Release|Any CPU.Build.0 = Release|Any CPU
	EndGlobalSection
	GlobalSection(SolutionProperties) = preSolution
		HideSolutionNode = FALSE
	EndGlobalSection
	GlobalSection(ExtensibilityGlobals) = postSolution
		SolutionGuid = {A6746EA0-65EB-4C03-B53D-0BEB70D12C58}
	EndGlobalSection
EndGlobal
